
Microsoft Visual Studio Solution File, Format Version 12.00
# Visual Studio Version 17
VisualStudioVersion = 17.13.35931.197 d17.13
MinimumVisualStudioVersion = 10.0.40219.1
Project("{FAE04EC0-301F-11D3-BF4B-00C04F79EFBC}") = "RoutineTracker", "RoutineTracker.csproj", "{0F6A2620-627F-444B-AFFE-D1FA081C1BED}"
EndProject
Global
	GlobalSection(SolutionConfigurationPlatforms) = preSolution
		Debug|Any CPU = Debug|Any CPU
		Release|Any CPU = Release|Any CPU
	EndGlobalSection
	GlobalSection(ProjectConfigurationPlatforms) = postSolution
		{0F6A2620-627F-444B-AFFE-D1FA081C1BED}.Debug|Any CPU.ActiveCfg = Debug|Any CPU
		{0F6A2620-627F-444B-AFFE-D1FA081C1BED}.Debug|Any CPU.Build.0 = Debug|Any CPU
		{0F6A2620-627F-444B-AFFE-D1FA081C1BED}.Release|Any CPU.ActiveCfg = Release|Any CPU
		{0F6A2620-627F-444B-AFFE-D1FA081C1BED}.Release|Any CPU.Build.0 = Release|Any CPU
	EndGlobalSection
	GlobalSection(SolutionProperties) = preSolution
		HideSolutionNode = FALSE
	EndGlobalSection
	GlobalSection(ExtensibilityGlobals) = postSolution
		SolutionGuid = {529698CB-1D71-4CAD-B53C-3FA79A16BF2B}
	EndGlobalSection
EndGlobal
